{
  "name": "chat",
  "version": "1.0.0",
  "lockfileVersion": 1,
  "requires": true,
  "dependencies": {
    "js-cookie": {
      "version": "2.2.1",
      "resolved": "https://registry.npmjs.org/js-cookie/-/js-cookie-2.2.1.tgz",
      "integrity": "sha512-HvdH2LzI/EAZcUwA8+0nKNtWHqS+ZmijLA30RwZA0bo7ToCckjK5MkGhjED9KoRcXO6BaGI3I9UIzSA1FKFPOQ=="
    },
    "react-cookie-consent": {
      "version": "5.1.0",
      "resolved": "https://registry.npmjs.org/react-cookie-consent/-/react-cookie-consent-5.1.0.tgz",
      "integrity": "sha512-7WS6TLfn7JQXOPqR6lZJIk7n3UPfNRyrWblBRGR3K5DZixPJPOoy0RTvGL1CDuXqFW1Qdu2gMC68huspbKKYDQ==",
      "requires": {
        "js-cookie": "^2.2.1"
      }
    }
  }
}
